
Microsoft Visual Studio Solution File, Format Version 12.00
# Visual Studio 2013
VisualStudioVersion = 12.0.31101.0
MinimumVisualStudioVersion = 10.0.40219.1
Project("{FAE04EC0-301F-11D3-BF4B-00C04F79EFBC}") = "Product_2690.Objects", "Objects\Product_2690.Objects.csproj", "{29BADD40-957F-4892-8D47-72E6EACAC430}"
EndProject
Project("{FAE04EC0-301F-11D3-BF4B-00C04F79EFBC}") = "Product_2690.ODataBackend", "ODataBackend\Product_2690.ODataBackend.csproj", "{A4B173ED-DAD7-4CAD-B6B6-FE7E98256E59}"
EndProject
Global
	GlobalSection(SolutionConfigurationPlatforms) = preSolution
Debug|Any CPU = Debug|Any CPU
Release|Any CPU = Release|Any CPU
	EndGlobalSection
	GlobalSection(ProjectConfigurationPlatforms) = postSolution
		{29BADD40-957F-4892-8D47-72E6EACAC430}.Debug|Any CPU.ActiveCfg = Debug|Any CPU
		{29BADD40-957F-4892-8D47-72E6EACAC430}.Debug|Any CPU.Build.0 = Debug|Any CPU
		{29BADD40-957F-4892-8D47-72E6EACAC430}.Release|Any CPU.ActiveCfg = Release|Any CPU
		{29BADD40-957F-4892-8D47-72E6EACAC430}.Release|Any CPU.Build.0 = Release|Any CPU
		{A4B173ED-DAD7-4CAD-B6B6-FE7E98256E59}.Debug|Any CPU.ActiveCfg = Debug|Any CPU
		{A4B173ED-DAD7-4CAD-B6B6-FE7E98256E59}.Debug|Any CPU.Build.0 = Debug|Any CPU
		{A4B173ED-DAD7-4CAD-B6B6-FE7E98256E59}.Release|Any CPU.ActiveCfg = Release|Any CPU
		{A4B173ED-DAD7-4CAD-B6B6-FE7E98256E59}.Release|Any CPU.Build.0 = Release|Any CPU
	EndGlobalSection
	GlobalSection(SolutionProperties) = preSolution
		HideSolutionNode = FALSE
	EndGlobalSection
EndGlobal
